<Solution>
  <Project Path="Prisma.Api/Prisma.Api.csproj" Id="dccd0e73-f9d0-4d62-ad4a-d048bd90168b" />
  <Project Path="Prisma.Application/Prisma.Application.csproj" Id="c1aa641a-6da0-40b0-b04e-6ce96c7270be" />
  <Project Path="Prisma.Domain/Prisma.Domain.csproj" Id="19d372ae-6191-41f1-b683-e3a0c31349c1" />
  <Project Path="Prisma.Infrastructure/Prisma.Infrastructure.csproj" Id="5237db2c-6dd4-44ee-bc0d-9f8308c5fb63" />
  <Project Path="Prisma.Tests/Prisma.Tests.csproj" Id="8db6e49b-674d-41de-a8fe-a559cd3285e4" />
</Solution>
